
Microsoft Visual Studio Solution File, Format Version 12.00
Project("{FAE04EC0-301F-11D3-BF4B-00C04F79EFBC}") = "raven-event-store", "raven-event-store\raven-event-store.csproj", "{35C03CD0-44DE-4C26-965F-CD6AA576D642}"
EndProject
Project("{FAE04EC0-301F-11D3-BF4B-00C04F79EFBC}") = "raven-event-store-tests", "raven-event-store-tests\raven-event-store-tests.csproj", "{53C19B91-BAE1-49A5-9A6A-EDD707C33A33}"
EndProject
Global
	GlobalSection(SolutionConfigurationPlatforms) = preSolution
		Debug|Any CPU = Debug|Any CPU
		Release|Any CPU = Release|Any CPU
	EndGlobalSection
	GlobalSection(ProjectConfigurationPlatforms) = postSolution
		{35C03CD0-44DE-4C26-965F-CD6AA576D642}.Debug|Any CPU.ActiveCfg = Debug|Any CPU
		{35C03CD0-44DE-4C26-965F-CD6AA576D642}.Debug|Any CPU.Build.0 = Debug|Any CPU
		{35C03CD0-44DE-4C26-965F-CD6AA576D642}.Release|Any CPU.ActiveCfg = Release|Any CPU
		{35C03CD0-44DE-4C26-965F-CD6AA576D642}.Release|Any CPU.Build.0 = Release|Any CPU
		{53C19B91-BAE1-49A5-9A6A-EDD707C33A33}.Debug|Any CPU.ActiveCfg = Debug|Any CPU
		{53C19B91-BAE1-49A5-9A6A-EDD707C33A33}.Debug|Any CPU.Build.0 = Debug|Any CPU
		{53C19B91-BAE1-49A5-9A6A-EDD707C33A33}.Release|Any CPU.ActiveCfg = Release|Any CPU
		{53C19B91-BAE1-49A5-9A6A-EDD707C33A33}.Release|Any CPU.Build.0 = Release|Any CPU
	EndGlobalSection
EndGlobal
